{
  "name": "@ryuenn3123/agentic-senior-core",
  "version": "5.8.16",
  "lockfileVersion": 3,
  "requires": true,
  "packages": {
    "": {
      "name": "@ryuenn3123/agentic-senior-core",
      "version": "5.8.16",
      "license": "MIT",
      "bin": {
        "agentic-senior-core": "bin/agentic-senior-core.js",
        "asc": "bin/agentic-senior-core.js",
        "ascx": "bin/ascx.js"
      }
    }
  }
}
