{
  "name": "@ryuenn3123/agentic-senior-core",
  "version": "3.0.7",
  "lockfileVersion": 3,
  "requires": true,
  "packages": {
    "": {
      "name": "@ryuenn3123/agentic-senior-core",
      "version": "3.0.7",
      "license": "MIT",
      "bin": {
        "agentic-senior-core": "bin/agentic-senior-core.js"
      }
    }
  }
}
